
Microsoft Visual Studio Solution File, Format Version 12.00
# Visual Studio Version 16
VisualStudioVersion = 16.0.30128.74
MinimumVisualStudioVersion = 10.0.40219.1
Project("{FAE04EC0-301F-11D3-BF4B-00C04F79EFBC}") = "Quiz", "Quiz.csproj", "{351C819D-1E4C-4F42-924D-3852A274C63D}"
EndProject
Global
	GlobalSection(SolutionConfigurationPlatforms) = preSolution
		Debug|Any CPU = Debug|Any CPU
		Release|Any CPU = Release|Any CPU
	EndGlobalSection
	GlobalSection(ProjectConfigurationPlatforms) = postSolution
		{351C819D-1E4C-4F42-924D-3852A274C63D}.Debug|Any CPU.ActiveCfg = Debug|Any CPU
		{351C819D-1E4C-4F42-924D-3852A274C63D}.Debug|Any CPU.Build.0 = Debug|Any CPU
		{351C819D-1E4C-4F42-924D-3852A274C63D}.Release|Any CPU.ActiveCfg = Release|Any CPU
		{351C819D-1E4C-4F42-924D-3852A274C63D}.Release|Any CPU.Build.0 = Release|Any CPU
	EndGlobalSection
	GlobalSection(SolutionProperties) = preSolution
		HideSolutionNode = FALSE
	EndGlobalSection
	GlobalSection(ExtensibilityGlobals) = postSolution
		SolutionGuid = {73FE7E04-8CCE-4159-9321-B45A6D1BB0F0}
	EndGlobalSection
EndGlobal
